
Microsoft Visual Studio Solution File, Format Version 12.00
# Visual Studio Version 17
VisualStudioVersion = 17.5.33627.172
MinimumVisualStudioVersion = 10.0.40219.1
Project("{FAE04EC0-301F-11D3-BF4B-00C04F79EFBC}") = "MockAssesment 3", "MockAssesment 3\MockAssesment 3.csproj", "{93BE017D-8F37-4034-8301-A3E2CC142D30}"
EndProject
Global
	GlobalSection(SolutionConfigurationPlatforms) = preSolution
		Debug|Any CPU = Debug|Any CPU
		Release|Any CPU = Release|Any CPU
	EndGlobalSection
	GlobalSection(ProjectConfigurationPlatforms) = postSolution
		{93BE017D-8F37-4034-8301-A3E2CC142D30}.Debug|Any CPU.ActiveCfg = Debug|Any CPU
		{93BE017D-8F37-4034-8301-A3E2CC142D30}.Debug|Any CPU.Build.0 = Debug|Any CPU
		{93BE017D-8F37-4034-8301-A3E2CC142D30}.Release|Any CPU.ActiveCfg = Release|Any CPU
		{93BE017D-8F37-4034-8301-A3E2CC142D30}.Release|Any CPU.Build.0 = Release|Any CPU
	EndGlobalSection
	GlobalSection(SolutionProperties) = preSolution
		HideSolutionNode = FALSE
	EndGlobalSection
	GlobalSection(ExtensibilityGlobals) = postSolution
		SolutionGuid = {0D655EB8-3CC7-4AB3-9579-4DE3C3C9D4FA}
	EndGlobalSection
EndGlobal
